
Microsoft Visual Studio Solution File, Format Version 12.00
# Visual Studio Version 17
VisualStudioVersion = 17.4.33205.214
MinimumVisualStudioVersion = 10.0.40219.1
Project("{FAE04EC0-301F-11D3-BF4B-00C04F79EFBC}") = "Lesson", "Lesson\Lesson.csproj", "{75E8D29B-155F-41E1-BD13-982663534C2E}"
EndProject
Project("{FAE04EC0-301F-11D3-BF4B-00C04F79EFBC}") = "Task1", "Task1\Task1.csproj", "{21525CE7-CF5F-49A1-9CF2-7215BA9CD979}"
EndProject
Project("{FAE04EC0-301F-11D3-BF4B-00C04F79EFBC}") = "Task2", "Task2\Task2.csproj", "{F26FDD0E-9E32-42AA-A2DB-FBEBB95C45D1}"
EndProject
Global
	GlobalSection(SolutionConfigurationPlatforms) = preSolution
		Debug|Any CPU = Debug|Any CPU
		Release|Any CPU = Release|Any CPU
	EndGlobalSection
	GlobalSection(ProjectConfigurationPlatforms) = postSolution
		{75E8D29B-155F-41E1-BD13-982663534C2E}.Debug|Any CPU.ActiveCfg = Debug|Any CPU
		{75E8D29B-155F-41E1-BD13-982663534C2E}.Debug|Any CPU.Build.0 = Debug|Any CPU
		{75E8D29B-155F-41E1-BD13-982663534C2E}.Release|Any CPU.ActiveCfg = Release|Any CPU
		{75E8D29B-155F-41E1-BD13-982663534C2E}.Release|Any CPU.Build.0 = Release|Any CPU
		{21525CE7-CF5F-49A1-9CF2-7215BA9CD979}.Debug|Any CPU.ActiveCfg = Debug|Any CPU
		{21525CE7-CF5F-49A1-9CF2-7215BA9CD979}.Debug|Any CPU.Build.0 = Debug|Any CPU
		{21525CE7-CF5F-49A1-9CF2-7215BA9CD979}.Release|Any CPU.ActiveCfg = Release|Any CPU
		{21525CE7-CF5F-49A1-9CF2-7215BA9CD979}.Release|Any CPU.Build.0 = Release|Any CPU
		{F26FDD0E-9E32-42AA-A2DB-FBEBB95C45D1}.Debug|Any CPU.ActiveCfg = Debug|Any CPU
		{F26FDD0E-9E32-42AA-A2DB-FBEBB95C45D1}.Debug|Any CPU.Build.0 = Debug|Any CPU
		{F26FDD0E-9E32-42AA-A2DB-FBEBB95C45D1}.Release|Any CPU.ActiveCfg = Release|Any CPU
		{F26FDD0E-9E32-42AA-A2DB-FBEBB95C45D1}.Release|Any CPU.Build.0 = Release|Any CPU
	EndGlobalSection
	GlobalSection(SolutionProperties) = preSolution
		HideSolutionNode = FALSE
	EndGlobalSection
	GlobalSection(ExtensibilityGlobals) = postSolution
		SolutionGuid = {CAE319BF-2336-4126-ADFA-8C6A73EA52F3}
	EndGlobalSection
EndGlobal
